// !$*UTF8*$!
{
	archiveVersion = 1;
	classes = {
	};
	objectVersion = 46;
	objects = {

/* Begin PBXBuildFile section */
		2CBC5D9E1BD5EDB500A3745A /* main.m in Sources */ = {isa = PBXBuildFile; fileRef = 2CBC5D9D1BD5EDB500A3745A /* main.m */; };
		2CBC5DA11BD5EDB600A3745A /* AppDelegate.m in Sources */ = {isa = PBXBuildFile; fileRef = 2CBC5DA01BD5EDB600A3745A /* AppDelegate.m */; };
		2CBC5DA41BD5EDB600A3745A /* MasterViewController.m in Sources */ = {isa = PBXBuildFile; fileRef = 2CBC5DA31BD5EDB600A3745A /* MasterViewController.m */; };
		2CBC5DA71BD5EDB600A3745A /* DetailViewController.m in Sources */ = {isa = PBXBuildFile; fileRef = 2CBC5DA61BD5EDB600A3745A /* DetailViewController.m */; };
		2CBC5DAA1BD5EDB700A3745A /* Main.storyboard in Resources */ = {isa = PBXBuildFile; fileRef = 2CBC5DA81BD5EDB700A3745A /* Main.storyboard */; };
		2CBC5DAC1BD5EDB700A3745A /* Assets.xcassets in Resources */ = {isa = PBXBuildFile; fileRef = 2CBC5DAB1BD5EDB700A3745A /* Assets.xcassets */; };
		2CBC5DAF1BD5EDB700A3745A /* LaunchScreen.storyboard in Resources */ = {isa = PBXBuildFile; fileRef = 2CBC5DAD1BD5EDB700A3745A /* LaunchScreen.storyboard */; };
		2CBC5DBA1BD5EDB900A3745A /* helloTests.m in Sources */ = {isa = PBXBuildFile; fileRef = 2CBC5DB91BD5EDB900A3745A /* helloTests.m */; };
		2CBC5DC51BD5EDB900A3745A /* helloUITests.m in Sources */ = {isa = PBXBuildFile; fileRef = 2CBC5DC41BD5EDB900A3745A /* helloUITests.m */; };
/* End PBXBuildFile section */

/* Begin PBXContainerItemProxy section */
		2CBC5DB61BD5EDB900A3745A /* PBXContainerItemProxy */ = {
			isa = PBXContainerItemProxy;
			containerPortal = 2CBC5D911BD5EDB300A3745A /* Project object */;
			proxyType = 1;
			remoteGlobalIDString = 2CBC5D981BD5EDB300A3745A;
			remoteInfo = hello;
		};
		2CBC5DC11BD5EDB900A3745A /* PBXContainerItemProxy */ = {
			isa = PBXContainerItemProxy;
			containerPortal = 2CBC5D911BD5EDB300A3745A /* Project object */;
			proxyType = 1;
			remoteGlobalIDString = 2CBC5D981BD5EDB300A3745A;
			remoteInfo = hello;
		};
/* End PBXContainerItemProxy section */

/* Begin PBXFileReference section */
		2CBC5D991BD5EDB500A3745A /* hello.app */ = {isa = PBXFileReference; explicitFileType = wrapper.application; includeInIndex = 0; path = hello.app; sourceTree = BUILT_PRODUCTS_DIR; };
		2CBC5D9D1BD5EDB500A3745A /* main.m */ = {isa = PBXFileReference; lastKnownFileType = sourcecode.c.objc; path = main.m; sourceTree = "<group>"; };
		2CBC5D9F1BD5EDB600A3745A /* AppDelegate.h */ = {isa = PBXFileReference; lastKnownFileType = sourcecode.c.h; path = AppDelegate.h; sourceTree = "<group>"; };
		2CBC5DA01BD5EDB600A3745A /* AppDelegate.m */ = {isa = PBXFileReference; lastKnownFileType = sourcecode.c.objc; path = AppDelegate.m; sourceTree = "<group>"; };
		2CBC5DA21BD5EDB600A3745A /* MasterViewController.h */ = {isa = PBXFileReference; lastKnownFileType = sourcecode.c.h; path = MasterViewController.h; sourceTree = "<group>"; };
		2CBC5DA31BD5EDB600A3745A /* MasterViewController.m */ = {isa = PBXFileReference; lastKnownFileType = sourcecode.c.objc; path = MasterViewController.m; sourceTree = "<group>"; };
		2CBC5DA51BD5EDB600A3745A /* DetailViewController.h */ = {isa = PBXFileReference; lastKnownFileType = sourcecode.c.h; path = DetailViewController.h; sourceTree = "<group>"; };
		2CBC5DA61BD5EDB600A3745A /* DetailViewController.m */ = {isa = PBXFileReference; lastKnownFileType = sourcecode.c.objc; path = DetailViewController.m; sourceTree = "<group>"; };
		2CBC5DA91BD5EDB700A3745A /* Base */ = {isa = PBXFileReference; lastKnownFileType = file.storyboard; name = Base; path = Base.lproj/Main.storyboard; sourceTree = "<group>"; };
		2CBC5DAB1BD5EDB700A3745A /* Assets.xcassets */ = {isa = PBXFileReference; lastKnownFileType = folder.assetcatalog; path = Assets.xcassets; sourceTree = "<group>"; };
		2CBC5DAE1BD5EDB700A3745A /* Base */ = {isa = PBXFileReference; lastKnownFileType = file.storyboard; name = Base; path = Base.lproj/LaunchScreen.storyboard; sourceTree = "<group>"; };
		2CBC5DB01BD5EDB700A3745A /* Info.plist */ = {isa = PBXFileReference; lastKnownFileType = text.plist.xml; path = Info.plist; sourceTree = "<group>"; };
		2CBC5DB51BD5EDB900A3745A /* helloTests.xctest */ = {isa = PBXFileReference; explicitFileType = wrapper.cfbundle; includeInIndex = 0; path = helloTests.xctest; sourceTree = BUILT_PRODUCTS_DIR; };
		2CBC5DB91BD5EDB900A3745A /* helloTests.m */ = {isa = PBXFileReference; lastKnownFileType = sourcecode.c.objc; path = helloTests.m; sourceTree = "<group>"; };
		2CBC5DBB1BD5EDB900A3745A /* Info.plist */ = {isa = PBXFileReference; lastKnownFileType = text.plist.xml; path = Info.plist; sourceTree = "<group>"; };
		2CBC5DC01BD5EDB900A3745A /* helloUITests.xctest */ = {isa = PBXFileReference; explicitFileType = wrapper.cfbundle; includeInIndex = 0; path = helloUITests.xctest; sourceTree = BUILT_PRODUCTS_DIR; };
		2CBC5DC41BD5EDB900A3745A /* helloUITests.m */ = {isa = PBXFileReference; lastKnownFileType = sourcecode.c.objc; path = helloUITests.m; sourceTree = "<group>"; };
		2CBC5DC61BD5EDB900A3745A /* Info.plist */ = {isa = PBXFileReference; lastKnownFileType = text.plist.xml; path = Info.plist; sourceTree = "<group>"; };
/* End PBXFileReference section */

/* Begin PBXFrameworksBuildPhase section */
		2CBC5D961BD5EDB300A3745A /* Frameworks */ = {
			isa = PBXFrameworksBuildPhase;
			buildActionMask = 2147483647;
			files = (
			);
			runOnlyForDeploymentPostprocessing = 0;
		};
		2CBC5DB21BD5EDB900A3745A /* Frameworks */ = {
			isa = PBXFrameworksBuildPhase;
			buildActionMask = 2147483647;
			files = (
			);
			runOnlyForDeploymentPostprocessing = 0;
		};
		2CBC5DBD1BD5EDB900A3745A /* Frameworks */ = {
			isa = PBXFrameworksBuildPhase;
			buildActionMask = 2147483647;
			files = (
			);
			runOnlyForDeploymentPostprocessing = 0;
		};
/* End PBXFrameworksBuildPhase section */

/* Begin PBXGroup section */
		2CBC5D901BD5EDB300A3745A = {
			isa = PBXGroup;
			children = (
				2CBC5D9B1BD5EDB500A3745A /* hello */,
				2CBC5DB81BD5EDB900A3745A /* helloTests */,
				2CBC5DC31BD5EDB900A3745A /* helloUITests */,
				2CBC5D9A1BD5EDB500A3745A /* Products */,
			);
			sourceTree = "<group>";
		};
		2CBC5D9A1BD5EDB500A3745A /* Products */ = {
			isa = PBXGroup;
			children = (
				2CBC5D991BD5EDB500A3745A /* hello.app */,
				2CBC5DB51BD5EDB900A3745A /* helloTests.xctest */,
				2CBC5DC01BD5EDB900A3745A /* helloUITests.xctest */,
			);
			name = Products;
			sourceTree = "<group>";
		};
		2CBC5D9B1BD5EDB500A3745A /* hello */ = {
			isa = PBXGroup;
			children = (
				2CBC5D9F1BD5EDB600A3745A /* AppDelegate.h */,
				2CBC5DA01BD5EDB600A3745A /* AppDelegate.m */,
				2CBC5DA21BD5EDB600A3745A /* MasterViewController.h */,
				2CBC5DA31BD5EDB600A3745A /* MasterViewController.m */,
				2CBC5DA51BD5EDB600A3745A /* DetailViewController.h */,
				2CBC5DA61BD5EDB600A3745A /* DetailViewController.m */,
				2CBC5DA81BD5EDB700A3745A /* Main.storyboard */,
				2CBC5DAB1BD5EDB700A3745A /* Assets.xcassets */,
				2CBC5DAD1BD5EDB700A3745A /* LaunchScreen.storyboard */,
				2CBC5DB01BD5EDB700A3745A /* Info.plist */,
				2CBC5D9C1BD5EDB500A3745A /* Supporting Files */,
			);
			path = hello;
			sourceTree = "<group>";
		};
		2CBC5D9C1BD5EDB500A3745A /* Supporting Files */ = {
			isa = PBXGroup;
			children = (
				2CBC5D9D1BD5EDB500A3745A /* main.m */,
			);
			name = "Supporting Files";
			sourceTree = "<group>";
		};
		2CBC5DB81BD5EDB900A3745A /* helloTests */ = {
			isa = PBXGroup;
			children = (
				2CBC5DB91BD5EDB900A3745A /* helloTests.m */,
				2CBC5DBB1BD5EDB900A3745A /* Info.plist */,
			);
			path = helloTests;
			sourceTree = "<group>";
		};
		2CBC5DC31BD5EDB900A3745A /* helloUITests */ = {
			isa = PBXGroup;
			children = (
				2CBC5DC41BD5EDB900A3745A /* helloUITests.m */,
				2CBC5DC61BD5EDB900A3745A /* Info.plist */,
			);
			path = helloUITests;
			sourceTree = "<group>";
		};
/* End PBXGroup section */

/* Begin PBXNativeTarget section */
		2CBC5D981BD5EDB300A3745A /* hello */ = {
			isa = PBXNativeTarget;
			buildConfigurationList = 2CBC5DC91BD5EDBA00A3745A /* Build configuration list for PBXNativeTarget "hello" */;
			buildPhases = (
				2CBC5D951BD5EDB300A3745A /* Sources */,
				2CBC5D961BD5EDB300A3745A /* Frameworks */,
				2CBC5D971BD5EDB300A3745A /* Resources */,
			);
			buildRules = (
			);
			dependencies = (
			);
			name = hello;
			productName = hello;
			productReference = 2CBC5D991BD5EDB500A3745A /* hello.app */;
			productType = "com.apple.product-type.application";
		};
		2CBC5DB41BD5EDB900A3745A /* helloTests */ = {
			isa = PBXNativeTarget;
			buildConfigurationList = 2CBC5DCC1BD5EDBA00A3745A /* Build configuration list for PBXNativeTarget "helloTests" */;
			buildPhases = (
				2CBC5DB11BD5EDB900A3745A /* Sources */,
				2CBC5DB21BD5EDB900A3745A /* Frameworks */,
				2CBC5DB31BD5EDB900A3745A /* Resources */,
			);
			buildRules = (
			);
			dependencies = (
				2CBC5DB71BD5EDB900A3745A /* PBXTargetDependency */,
			);
			name = helloTests;
			productName = helloTests;
			productReference = 2CBC5DB51BD5EDB900A3745A /* helloTests.xctest */;
			productType = "com.apple.product-type.bundle.unit-test";
		};
		2CBC5DBF1BD5EDB900A3745A /* helloUITests */ = {
			isa = PBXNativeTarget;
			buildConfigurationList = 2CBC5DCF1BD5EDBA00A3745A /* Build configuration list for PBXNativeTarget "helloUITests" */;
			buildPhases = (
				2CBC5DBC1BD5EDB900A3745A /* Sources */,
				2CBC5DBD1BD5EDB900A3745A /* Frameworks */,
				2CBC5DBE1BD5EDB900A3745A /* Resources */,
			);
			buildRules = (
			);
			dependencies = (
				2CBC5DC21BD5EDB900A3745A /* PBXTargetDependency */,
			);
			name = helloUITests;
			productName = helloUITests;
			productReference = 2CBC5DC01BD5EDB900A3745A /* helloUITests.xctest */;
			productType = "com.apple.product-type.bundle.ui-testing";
		};
/* End PBXNativeTarget section */

/* Begin PBXProject section */
		2CBC5D911BD5EDB300A3745A /* Project object */ = {
			isa = PBXProject;
			attributes = {
				LastUpgradeCheck = 0700;
				ORGANIZATIONNAME = "Noman Khan";
				TargetAttributes = {
					2CBC5D981BD5EDB300A3745A = {
						CreatedOnToolsVersion = 7.0.1;
					};
					2CBC5DB41BD5EDB900A3745A = {
						CreatedOnToolsVersion = 7.0.1;
						TestTargetID = 2CBC5D981BD5EDB300A3745A;
					};
					2CBC5DBF1BD5EDB900A3745A = {
						CreatedOnToolsVersion = 7.0.1;
						TestTargetID = 2CBC5D981BD5EDB300A3745A;
					};
				};
			};
			buildConfigurationList = 2CBC5D941BD5EDB300A3745A /* Build configuration list for PBXProject "hello" */;
			compatibilityVersion = "Xcode 3.2";
			developmentRegion = English;
			hasScannedForEncodings = 0;
			knownRegions = (
				en,
				Base,
			);
			mainGroup = 2CBC5D901BD5EDB300A3745A;
			productRefGroup = 2CBC5D9A1BD5EDB500A3745A /* Products */;
			projectDirPath = "";
			projectRoot = "";
			targets = (
				2CBC5D981BD5EDB300A3745A /* hello */,
				2CBC5DB41BD5EDB900A3745A /* helloTests */,
				2CBC5DBF1BD5EDB900A3745A /* helloUITests */,
			);
		};
/* End PBXProject section */

/* Begin PBXResourcesBuildPhase section */
		2CBC5D971BD5EDB300A3745A /* Resources */ = {
			isa = PBXResourcesBuildPhase;
			buildActionMask = 2147483647;
			files = (
				2CBC5DAF1BD5EDB700A3745A /* LaunchScreen.storyboard in Resources */,
				2CBC5DAC1BD5EDB700A3745A /* Assets.xcassets in Resources */,
				2CBC5DAA1BD5EDB700A3745A /* Main.storyboard in Resources */,
			);
			runOnlyForDeploymentPostprocessing = 0;
		};
		2CBC5DB31BD5EDB900A3745A /* Resources */ = {
			isa = PBXResourcesBuildPhase;
			buildActionMask = 2147483647;
			files = (
			);
			runOnlyForDeploymentPostprocessing = 0;
		};
		2CBC5DBE1BD5EDB900A3745A /* Resources */ = {
			isa = PBXResourcesBuildPhase;
			buildActionMask = 2147483647;
			files = (
			);
			runOnlyForDeploymentPostprocessing = 0;
		};
/* End PBXResourcesBuildPhase section */

/* Begin PBXSourcesBuildPhase section */
		2CBC5D951BD5EDB300A3745A /* Sources */ = {
			isa = PBXSourcesBuildPhase;
			buildActionMask = 2147483647;
			files = (
				2CBC5DA11BD5EDB600A3745A /* AppDelegate.m in Sources */,
				2CBC5DA41BD5EDB600A3745A /* MasterViewController.m in Sources */,
				2CBC5D9E1BD5EDB500A3745A /* main.m in Sources */,
				2CBC5DA71BD5EDB600A3745A /* DetailViewController.m in Sources */,
			);
			runOnlyForDeploymentPostprocessing = 0;
		};
		2CBC5DB11BD5EDB900A3745A /* Sources */ = {
			isa = PBXSourcesBuildPhase;
			buildActionMask = 2147483647;
			files = (
				2CBC5DBA1BD5EDB900A3745A /* helloTests.m in Sources */,
			);
			runOnlyForDeploymentPostprocessing = 0;
		};
		2CBC5DBC1BD5EDB900A3745A /* Sources */ = {
			isa = PBXSourcesBuildPhase;
			buildActionMask = 2147483647;
			files = (
				2CBC5DC51BD5EDB900A3745A /* helloUITests.m in Sources */,
			);
			runOnlyForDeploymentPostprocessing = 0;
		};
/* End PBXSourcesBuildPhase section */

/* Begin PBXTargetDependency section */
		2CBC5DB71BD5EDB900A3745A /* PBXTargetDependency */ = {
			isa = PBXTargetDependency;
			target = 2CBC5D981BD5EDB300A3745A /* hello */;
			targetProxy = 2CBC5DB61BD5EDB900A3745A /* PBXContainerItemProxy */;
		};
		2CBC5DC21BD5EDB900A3745A /* PBXTargetDependency */ = {
			isa = PBXTargetDependency;
			target = 2CBC5D981BD5EDB300A3745A /* hello */;
			targetProxy = 2CBC5DC11BD5EDB900A3745A /* PBXContainerItemProxy */;
		};
/* End PBXTargetDependency section */

/* Begin PBXVariantGroup section */
		2CBC5DA81BD5EDB700A3745A /* Main.storyboard */ = {
			isa = PBXVariantGroup;
			children = (
				2CBC5DA91BD5EDB700A3745A /* Base */,
			);
			name = Main.storyboard;
			sourceTree = "<group>";
		};
		2CBC5DAD1BD5EDB700A3745A /* LaunchScreen.storyboard */ = {
			isa = PBXVariantGroup;
			children = (
				2CBC5DAE1BD5EDB700A3745A /* Base */,
			);
			name = LaunchScreen.storyboard;
			sourceTree = "<group>";
		};
/* End PBXVariantGroup section */

/* Begin XCBuildConfiguration section */
		2CBC5DC71BD5EDB900A3745A /* Debug */ = {
			isa = XCBuildConfiguration;
			buildSettings = {
				ALWAYS_SEARCH_USER_PATHS = NO;
				CLANG_CXX_LANGUAGE_STANDARD = "gnu++0x";
				CLANG_CXX_LIBRARY = "libc++";
				CLANG_ENABLE_MODULES = YES;
				CLANG_ENABLE_OBJC_ARC = YES;
				CLANG_WARN_BOOL_CONVERSION = YES;
				CLANG_WARN_CONSTANT_CONVERSION = YES;
				CLANG_WARN_DIRECT_OBJC_ISA_USAGE = YES_ERROR;
				CLANG_WARN_EMPTY_BODY = YES;
				CLANG_WARN_ENUM_CONVERSION = YES;
				CLANG_WARN_INT_CONVERSION = YES;
				CLANG_WARN_OBJC_ROOT_CLASS = YES_ERROR;
				CLANG_WARN_UNREACHABLE_CODE = YES;
				CLANG_WARN__DUPLICATE_METHOD_MATCH = YES;
				"CODE_SIGN_IDENTITY[sdk=iphoneos*]" = "iPhone Developer";
				COPY_PHASE_STRIP = NO;
				DEBUG_INFORMATION_FORMAT = dwarf;
				ENABLE_STRICT_OBJC_MSGSEND = YES;
				ENABLE_TESTABILITY = YES;
				GCC_C_LANGUAGE_STANDARD = gnu99;
				GCC_DYNAMIC_NO_PIC = NO;
				GCC_NO_COMMON_BLOCKS = YES;
				GCC_OPTIMIZATION_LEVEL = 0;
				GCC_PREPROCESSOR_DEFINITIONS = (
					"DEBUG=1",
					"$(inherited)",
				);
				GCC_WARN_64_TO_32_BIT_CONVERSION = YES;
				GCC_WARN_ABOUT_RETURN_TYPE = YES_ERROR;
				GCC_WARN_UNDECLARED_SELECTOR = YES;
				GCC_WARN_UNINITIALIZED_AUTOS = YES_AGGRESSIVE;
				GCC_WARN_UNUSED_FUNCTION = YES;
				GCC_WARN_UNUSED_VARIABLE = YES;
				IPHONEOS_DEPLOYMENT_TARGET = 9.0;
				MTL_ENABLE_DEBUG_INFO = YES;
				ONLY_ACTIVE_ARCH = YES;
				SDKROOT = iphoneos;
				TARGETED_DEVICE_FAMILY = "1,2";
			};
			name = Debug;
		};
		2CBC5DC81BD5EDB900A3745A /* Release */ = {
			isa = XCBuildConfiguration;
			buildSettings = {
				ALWAYS_SEARCH_USER_PATHS = NO;
				CLANG_CXX_LANGUAGE_STANDARD = "gnu++0x";
				CLANG_CXX_LIBRARY = "libc++";
				CLANG_ENABLE_MODULES = YES;
				CLANG_ENABLE_OBJC_ARC = YES;
				CLANG_WARN_BOOL_CONVERSION = YES;
				CLANG_WARN_CONSTANT_CONVERSION = YES;
				CLANG_WARN_DIRECT_OBJC_ISA_USAGE = YES_ERROR;
				CLANG_WARN_EMPTY_BODY = YES;
				CLANG_WARN_ENUM_CONVERSION = YES;
				CLANG_WARN_INT_CONVERSION = YES;
				CLANG_WARN_OBJC_ROOT_CLASS = YES_ERROR;
				CLANG_WARN_UNREACHABLE_CODE = YES;
				CLANG_WARN__DUPLICATE_METHOD_MATCH = YES;
				"CODE_SIGN_IDENTITY[sdk=iphoneos*]" = "iPhone Developer";
				COPY_PHASE_STRIP = NO;
				DEBUG_INFORMATION_FORMAT = "dwarf-with-dsym";
				ENABLE_NS_ASSERTIONS = NO;
				ENABLE_STRICT_OBJC_MSGSEND = YES;
				GCC_C_LANGUAGE_STANDARD = gnu99;
				GCC_NO_COMMON_BLOCKS = YES;
				GCC_WARN_64_TO_32_BIT_CONVERSION = YES;
				GCC_WARN_ABOUT_RETURN_TYPE = YES_ERROR;
				GCC_WARN_UNDECLARED_SELECTOR = YES;
				GCC_WARN_UNINITIALIZED_AUTOS = YES_AGGRESSIVE;
				GCC_WARN_UNUSED_FUNCTION = YES;
				GCC_WARN_UNUSED_VARIABLE = YES;
				IPHONEOS_DEPLOYMENT_TARGET = 9.0;
				MTL_ENABLE_DEBUG_INFO = NO;
				SDKROOT = iphoneos;
				TARGETED_DEVICE_FAMILY = "1,2";
				VALIDATE_PRODUCT = YES;
			};
			name = Release;
		};
		2CBC5DCA1BD5EDBA00A3745A /* Debug */ = {
			isa = XCBuildConfiguration;
			buildSettings = {
				ASSETCATALOG_COMPILER_APPICON_NAME = AppIcon;
				INFOPLIST_FILE = hello/Info.plist;
				LD_RUNPATH_SEARCH_PATHS = "$(inherited) @executable_path/Frameworks";
				PRODUCT_BUNDLE_IDENTIFIER = "com.noman-khan.hello";
				PRODUCT_NAME = "$(TARGET_NAME)";
			};
			name = Debug;
		};
		2CBC5DCB1BD5EDBA00A3745A /* Release */ = {
			isa = XCBuildConfiguration;
			buildSettings = {
				ASSETCATALOG_COMPILER_APPICON_NAME = AppIcon;
				INFOPLIST_FILE = hello/Info.plist;
				LD_RUNPATH_SEARCH_PATHS = "$(inherited) @executable_path/Frameworks";
				PRODUCT_BUNDLE_IDENTIFIER = "com.noman-khan.hello";
				PRODUCT_NAME = "$(TARGET_NAME)";
			};
			name = Release;
		};
		2CBC5DCD1BD5EDBA00A3745A /* Debug */ = {
			isa = XCBuildConfiguration;
			buildSettings = {
				BUNDLE_LOADER = "$(TEST_HOST)";
				INFOPLIST_FILE = helloTests/Info.plist;
				LD_RUNPATH_SEARCH_PATHS = "$(inherited) @executable_path/Frameworks @loader_path/Frameworks";
				PRODUCT_BUNDLE_IDENTIFIER = "com.noman-khan.helloTests";
				PRODUCT_NAME = "$(TARGET_NAME)";
				TEST_HOST = "$(BUILT_PRODUCTS_DIR)/hello.app/hello";
			};
			name = Debug;
		};
		2CBC5DCE1BD5EDBA00A3745A /* Release */ = {
			isa = XCBuildConfiguration;
			buildSettings = {
				BUNDLE_LOADER = "$(TEST_HOST)";
				INFOPLIST_FILE = helloTests/Info.plist;
				LD_RUNPATH_SEARCH_PATHS = "$(inherited) @executable_path/Frameworks @loader_path/Frameworks";
				PRODUCT_BUNDLE_IDENTIFIER = "com.noman-khan.helloTests";
				PRODUCT_NAME = "$(TARGET_NAME)";
				TEST_HOST = "$(BUILT_PRODUCTS_DIR)/hello.app/hello";
			};
			name = Release;
		};
		2CBC5DD01BD5EDBA00A3745A /* Debug */ = {
			isa = XCBuildConfiguration;
			buildSettings = {
				INFOPLIST_FILE = helloUITests/Info.plist;
				LD_RUNPATH_SEARCH_PATHS = "$(inherited) @executable_path/Frameworks @loader_path/Frameworks";
				PRODUCT_BUNDLE_IDENTIFIER = "com.noman-khan.helloUITests";
				PRODUCT_NAME = "$(TARGET_NAME)";
				TEST_TARGET_NAME = hello;
				USES_XCTRUNNER = YES;
			};
			name = Debug;
		};
		2CBC5DD11BD5EDBA00A3745A /* Release */ = {
			isa = XCBuildConfiguration;
			buildSettings = {
				INFOPLIST_FILE = helloUITests/Info.plist;
				LD_RUNPATH_SEARCH_PATHS = "$(inherited) @executable_path/Frameworks @loader_path/Frameworks";
				PRODUCT_BUNDLE_IDENTIFIER = "com.noman-khan.helloUITests";
				PRODUCT_NAME = "$(TARGET_NAME)";
				TEST_TARGET_NAME = hello;
				USES_XCTRUNNER = YES;
			};
			name = Release;
		};
/* End XCBuildConfiguration section */

/* Begin XCConfigurationList section */
		2CBC5D941BD5EDB300A3745A /* Build configuration list for PBXProject "hello" */ = {
			isa = XCConfigurationList;
			buildConfigurations = (
				2CBC5DC71BD5EDB900A3745A /* Debug */,
				2CBC5DC81BD5EDB900A3745A /* Release */,
			);
			defaultConfigurationIsVisible = 0;
			defaultConfigurationName = Release;
		};
		2CBC5DC91BD5EDBA00A3745A /* Build configuration list for PBXNativeTarget "hello" */ = {
			isa = XCConfigurationList;
			buildConfigurations = (
				2CBC5DCA1BD5EDBA00A3745A /* Debug */,
				2CBC5DCB1BD5EDBA00A3745A /* Release */,
			);
			defaultConfigurationIsVisible = 0;
		};
		2CBC5DCC1BD5EDBA00A3745A /* Build configuration list for PBXNativeTarget "helloTests" */ = {
			isa = XCConfigurationList;
			buildConfigurations = (
				2CBC5DCD1BD5EDBA00A3745A /* Debug */,
				2CBC5DCE1BD5EDBA00A3745A /* Release */,
			);
			defaultConfigurationIsVisible = 0;
		};
		2CBC5DCF1BD5EDBA00A3745A /* Build configuration list for PBXNativeTarget "helloUITests" */ = {
			isa = XCConfigurationList;
			buildConfigurations = (
				2CBC5DD01BD5EDBA00A3745A /* Debug */,
				2CBC5DD11BD5EDBA00A3745A /* Release */,
			);
			defaultConfigurationIsVisible = 0;
		};
/* End XCConfigurationList section */
	};
	rootObject = 2CBC5D911BD5EDB300A3745A /* Project object */;
}
